// !$*UTF8*$!
{
	archiveVersion = 1;
	classes = {
	};
	objectVersion = 56;
	objects = {

/* Begin PBXBuildFile section */
		491C1094290086F30073A675 /* Shapes.swift in Sources */ = {isa = PBXBuildFile; fileRef = 491C1093290086F30073A675 /* Shapes.swift */; };
		491C10962900DD960073A675 /* RoundViews.swift in Sources */ = {isa = PBXBuildFile; fileRef = 491C10952900DD960073A675 /* RoundViews.swift */; };
		491C10982900E8150073A675 /* BackgroundView.swift in Sources */ = {isa = PBXBuildFile; fileRef = 491C10972900E8150073A675 /* BackgroundView.swift */; };
		493DF7B329024E180026205E /* PointsView.swift in Sources */ = {isa = PBXBuildFile; fileRef = 493DF7B229024E180026205E /* PointsView.swift */; };
		498BF8A628FF9A2900ECC73B /* TextViews.swift in Sources */ = {isa = PBXBuildFile; fileRef = 498BF8A528FF9A2900ECC73B /* TextViews.swift */; };
		4994B0F329042CDC00CAD4A7 /* Constants.swift in Sources */ = {isa = PBXBuildFile; fileRef = 4994B0F229042CDC00CAD4A7 /* Constants.swift */; };
		4994B0F52904398F00CAD4A7 /* LeaderBoardView.swift in Sources */ = {isa = PBXBuildFile; fileRef = 4994B0F42904398F00CAD4A7 /* LeaderBoardView.swift */; };
		4994B0F829059C5200CAD4A7 /* Introspect in Frameworks */ = {isa = PBXBuildFile; productRef = 4994B0F729059C5200CAD4A7 /* Introspect */; };
		499D239C28FC719E00F302B8 /* BullseyeApp.swift in Sources */ = {isa = PBXBuildFile; fileRef = 499D239B28FC719E00F302B8 /* BullseyeApp.swift */; };
		499D239E28FC719E00F302B8 /* ContentView.swift in Sources */ = {isa = PBXBuildFile; fileRef = 499D239D28FC719E00F302B8 /* ContentView.swift */; };
		499D23A028FC719F00F302B8 /* Assets.xcassets in Resources */ = {isa = PBXBuildFile; fileRef = 499D239F28FC719F00F302B8 /* Assets.xcassets */; };
		499D23A328FC719F00F302B8 /* Preview Assets.xcassets in Resources */ = {isa = PBXBuildFile; fileRef = 499D23A228FC719F00F302B8 /* Preview Assets.xcassets */; };
		499D23AD28FC719F00F302B8 /* BullseyeTests.swift in Sources */ = {isa = PBXBuildFile; fileRef = 499D23AC28FC719F00F302B8 /* BullseyeTests.swift */; };
		499D23B728FC719F00F302B8 /* BullseyeUITests.swift in Sources */ = {isa = PBXBuildFile; fileRef = 499D23B628FC719F00F302B8 /* BullseyeUITests.swift */; };
		499D23B928FC719F00F302B8 /* BullseyeUITestsLaunchTests.swift in Sources */ = {isa = PBXBuildFile; fileRef = 499D23B828FC719F00F302B8 /* BullseyeUITestsLaunchTests.swift */; };
		49A76AF628FE3FC600018BDD /* Game.swift in Sources */ = {isa = PBXBuildFile; fileRef = 49A76AF528FE3FC600018BDD /* Game.swift */; };
/* End PBXBuildFile section */

/* Begin PBXContainerItemProxy section */
		499D23A928FC719F00F302B8 /* PBXContainerItemProxy */ = {
			isa = PBXContainerItemProxy;
			containerPortal = 499D239028FC719E00F302B8 /* Project object */;
			proxyType = 1;
			remoteGlobalIDString = 499D239728FC719E00F302B8;
			remoteInfo = Bullseye;
		};
		499D23B328FC719F00F302B8 /* PBXContainerItemProxy */ = {
			isa = PBXContainerItemProxy;
			containerPortal = 499D239028FC719E00F302B8 /* Project object */;
			proxyType = 1;
			remoteGlobalIDString = 499D239728FC719E00F302B8;
			remoteInfo = Bullseye;
		};
/* End PBXContainerItemProxy section */

/* Begin PBXFileReference section */
		491C1093290086F30073A675 /* Shapes.swift */ = {isa = PBXFileReference; lastKnownFileType = sourcecode.swift; path = Shapes.swift; sourceTree = "<group>"; };
		491C10952900DD960073A675 /* RoundViews.swift */ = {isa = PBXFileReference; lastKnownFileType = sourcecode.swift; path = RoundViews.swift; sourceTree = "<group>"; };
		491C10972900E8150073A675 /* BackgroundView.swift */ = {isa = PBXFileReference; lastKnownFileType = sourcecode.swift; path = BackgroundView.swift; sourceTree = "<group>"; };
		493DF7B229024E180026205E /* PointsView.swift */ = {isa = PBXFileReference; lastKnownFileType = sourcecode.swift; path = PointsView.swift; sourceTree = "<group>"; };
		498BF8A528FF9A2900ECC73B /* TextViews.swift */ = {isa = PBXFileReference; lastKnownFileType = sourcecode.swift; path = TextViews.swift; sourceTree = "<group>"; };
		4994B0F229042CDC00CAD4A7 /* Constants.swift */ = {isa = PBXFileReference; lastKnownFileType = sourcecode.swift; path = Constants.swift; sourceTree = "<group>"; };
		4994B0F42904398F00CAD4A7 /* LeaderBoardView.swift */ = {isa = PBXFileReference; lastKnownFileType = sourcecode.swift; path = LeaderBoardView.swift; sourceTree = "<group>"; };
		499D239828FC719E00F302B8 /* Bullseye.app */ = {isa = PBXFileReference; explicitFileType = wrapper.application; includeInIndex = 0; path = Bullseye.app; sourceTree = BUILT_PRODUCTS_DIR; };
		499D239B28FC719E00F302B8 /* BullseyeApp.swift */ = {isa = PBXFileReference; lastKnownFileType = sourcecode.swift; path = BullseyeApp.swift; sourceTree = "<group>"; };
		499D239D28FC719E00F302B8 /* ContentView.swift */ = {isa = PBXFileReference; lastKnownFileType = sourcecode.swift; path = ContentView.swift; sourceTree = "<group>"; };
		499D239F28FC719F00F302B8 /* Assets.xcassets */ = {isa = PBXFileReference; lastKnownFileType = folder.assetcatalog; path = Assets.xcassets; sourceTree = "<group>"; };
		499D23A228FC719F00F302B8 /* Preview Assets.xcassets */ = {isa = PBXFileReference; lastKnownFileType = folder.assetcatalog; path = "Preview Assets.xcassets"; sourceTree = "<group>"; };
		499D23A828FC719F00F302B8 /* BullseyeTests.xctest */ = {isa = PBXFileReference; explicitFileType = wrapper.cfbundle; includeInIndex = 0; path = BullseyeTests.xctest; sourceTree = BUILT_PRODUCTS_DIR; };
		499D23AC28FC719F00F302B8 /* BullseyeTests.swift */ = {isa = PBXFileReference; lastKnownFileType = sourcecode.swift; path = BullseyeTests.swift; sourceTree = "<group>"; };
		499D23B228FC719F00F302B8 /* BullseyeUITests.xctest */ = {isa = PBXFileReference; explicitFileType = wrapper.cfbundle; includeInIndex = 0; path = BullseyeUITests.xctest; sourceTree = BUILT_PRODUCTS_DIR; };
		499D23B628FC719F00F302B8 /* BullseyeUITests.swift */ = {isa = PBXFileReference; lastKnownFileType = sourcecode.swift; path = BullseyeUITests.swift; sourceTree = "<group>"; };
		499D23B828FC719F00F302B8 /* BullseyeUITestsLaunchTests.swift */ = {isa = PBXFileReference; lastKnownFileType = sourcecode.swift; path = BullseyeUITestsLaunchTests.swift; sourceTree = "<group>"; };
		49A76AF528FE3FC600018BDD /* Game.swift */ = {isa = PBXFileReference; lastKnownFileType = sourcecode.swift; path = Game.swift; sourceTree = "<group>"; };
/* End PBXFileReference section */

/* Begin PBXFrameworksBuildPhase section */
		499D239528FC719E00F302B8 /* Frameworks */ = {
			isa = PBXFrameworksBuildPhase;
			buildActionMask = 2147483647;
			files = (
				4994B0F829059C5200CAD4A7 /* Introspect in Frameworks */,
			);
			runOnlyForDeploymentPostprocessing = 0;
		};
		499D23A528FC719F00F302B8 /* Frameworks */ = {
			isa = PBXFrameworksBuildPhase;
			buildActionMask = 2147483647;
			files = (
			);
			runOnlyForDeploymentPostprocessing = 0;
		};
		499D23AF28FC719F00F302B8 /* Frameworks */ = {
			isa = PBXFrameworksBuildPhase;
			buildActionMask = 2147483647;
			files = (
			);
			runOnlyForDeploymentPostprocessing = 0;
		};
/* End PBXFrameworksBuildPhase section */

/* Begin PBXGroup section */
		499D238F28FC719E00F302B8 = {
			isa = PBXGroup;
			children = (
				499D239A28FC719E00F302B8 /* Bullseye */,
				499D23AB28FC719F00F302B8 /* BullseyeTests */,
				499D23B528FC719F00F302B8 /* BullseyeUITests */,
				499D239928FC719E00F302B8 /* Products */,
			);
			sourceTree = "<group>";
		};
		499D239928FC719E00F302B8 /* Products */ = {
			isa = PBXGroup;
			children = (
				499D239828FC719E00F302B8 /* Bullseye.app */,
				499D23A828FC719F00F302B8 /* BullseyeTests.xctest */,
				499D23B228FC719F00F302B8 /* BullseyeUITests.xctest */,
			);
			name = Products;
			sourceTree = "<group>";
		};
		499D239A28FC719E00F302B8 /* Bullseye */ = {
			isa = PBXGroup;
			children = (
				49A76AF428FE3EEA00018BDD /* Views */,
				49A76AF328FE3EDF00018BDD /* Models */,
				49A76AF228FE3ED900018BDD /* App */,
				499D23A128FC719F00F302B8 /* Preview Content */,
			);
			path = Bullseye;
			sourceTree = "<group>";
		};
		499D23A128FC719F00F302B8 /* Preview Content */ = {
			isa = PBXGroup;
			children = (
				499D23A228FC719F00F302B8 /* Preview Assets.xcassets */,
			);
			path = "Preview Content";
			sourceTree = "<group>";
		};
		499D23AB28FC719F00F302B8 /* BullseyeTests */ = {
			isa = PBXGroup;
			children = (
				499D23AC28FC719F00F302B8 /* BullseyeTests.swift */,
			);
			path = BullseyeTests;
			sourceTree = "<group>";
		};
		499D23B528FC719F00F302B8 /* BullseyeUITests */ = {
			isa = PBXGroup;
			children = (
				499D23B628FC719F00F302B8 /* BullseyeUITests.swift */,
				499D23B828FC719F00F302B8 /* BullseyeUITestsLaunchTests.swift */,
			);
			path = BullseyeUITests;
			sourceTree = "<group>";
		};
		49A76AF228FE3ED900018BDD /* App */ = {
			isa = PBXGroup;
			children = (
				499D239B28FC719E00F302B8 /* BullseyeApp.swift */,
				499D239F28FC719F00F302B8 /* Assets.xcassets */,
			);
			path = App;
			sourceTree = "<group>";
		};
		49A76AF328FE3EDF00018BDD /* Models */ = {
			isa = PBXGroup;
			children = (
				49A76AF528FE3FC600018BDD /* Game.swift */,
				4994B0F229042CDC00CAD4A7 /* Constants.swift */,
			);
			path = Models;
			sourceTree = "<group>";
		};
		49A76AF428FE3EEA00018BDD /* Views */ = {
			isa = PBXGroup;
			children = (
				499D239D28FC719E00F302B8 /* ContentView.swift */,
				498BF8A528FF9A2900ECC73B /* TextViews.swift */,
				491C1093290086F30073A675 /* Shapes.swift */,
				491C10952900DD960073A675 /* RoundViews.swift */,
				491C10972900E8150073A675 /* BackgroundView.swift */,
				493DF7B229024E180026205E /* PointsView.swift */,
				4994B0F42904398F00CAD4A7 /* LeaderBoardView.swift */,
			);
			path = Views;
			sourceTree = "<group>";
		};
/* End PBXGroup section */

/* Begin PBXNativeTarget section */
		499D239728FC719E00F302B8 /* Bullseye */ = {
			isa = PBXNativeTarget;
			buildConfigurationList = 499D23BC28FC719F00F302B8 /* Build configuration list for PBXNativeTarget "Bullseye" */;
			buildPhases = (
				499D239428FC719E00F302B8 /* Sources */,
				499D239528FC719E00F302B8 /* Frameworks */,
				499D239628FC719E00F302B8 /* Resources */,
			);
			buildRules = (
			);
			dependencies = (
			);
			name = Bullseye;
			packageProductDependencies = (
				4994B0F729059C5200CAD4A7 /* Introspect */,
			);
			productName = Bullseye;
			productReference = 499D239828FC719E00F302B8 /* Bullseye.app */;
			productType = "com.apple.product-type.application";
		};
		499D23A728FC719F00F302B8 /* BullseyeTests */ = {
			isa = PBXNativeTarget;
			buildConfigurationList = 499D23BF28FC719F00F302B8 /* Build configuration list for PBXNativeTarget "BullseyeTests" */;
			buildPhases = (
				499D23A428FC719F00F302B8 /* Sources */,
				499D23A528FC719F00F302B8 /* Frameworks */,
				499D23A628FC719F00F302B8 /* Resources */,
			);
			buildRules = (
			);
			dependencies = (
				499D23AA28FC719F00F302B8 /* PBXTargetDependency */,
			);
			name = BullseyeTests;
			productName = BullseyeTests;
			productReference = 499D23A828FC719F00F302B8 /* BullseyeTests.xctest */;
			productType = "com.apple.product-type.bundle.unit-test";
		};
		499D23B128FC719F00F302B8 /* BullseyeUITests */ = {
			isa = PBXNativeTarget;
			buildConfigurationList = 499D23C228FC719F00F302B8 /* Build configuration list for PBXNativeTarget "BullseyeUITests" */;
			buildPhases = (
				499D23AE28FC719F00F302B8 /* Sources */,
				499D23AF28FC719F00F302B8 /* Frameworks */,
				499D23B028FC719F00F302B8 /* Resources */,
			);
			buildRules = (
			);
			dependencies = (
				499D23B428FC719F00F302B8 /* PBXTargetDependency */,
			);
			name = BullseyeUITests;
			productName = BullseyeUITests;
			productReference = 499D23B228FC719F00F302B8 /* BullseyeUITests.xctest */;
			productType = "com.apple.product-type.bundle.ui-testing";
		};
/* End PBXNativeTarget section */

/* Begin PBXProject section */
		499D239028FC719E00F302B8 /* Project object */ = {
			isa = PBXProject;
			attributes = {
				BuildIndependentTargetsInParallel = 1;
				LastSwiftUpdateCheck = 1400;
				LastUpgradeCheck = 1400;
				TargetAttributes = {
					499D239728FC719E00F302B8 = {
						CreatedOnToolsVersion = 14.0.1;
					};
					499D23A728FC719F00F302B8 = {
						CreatedOnToolsVersion = 14.0.1;
						TestTargetID = 499D239728FC719E00F302B8;
					};
					499D23B128FC719F00F302B8 = {
						CreatedOnToolsVersion = 14.0.1;
						TestTargetID = 499D239728FC719E00F302B8;
					};
				};
			};
			buildConfigurationList = 499D239328FC719E00F302B8 /* Build configuration list for PBXProject "Bullseye" */;
			compatibilityVersion = "Xcode 14.0";
			developmentRegion = en;
			hasScannedForEncodings = 0;
			knownRegions = (
				en,
				Base,
			);
			mainGroup = 499D238F28FC719E00F302B8;
			packageReferences = (
				4994B0F629059C5200CAD4A7 /* XCRemoteSwiftPackageReference "SwiftUI-Introspect" */,
			);
			productRefGroup = 499D239928FC719E00F302B8 /* Products */;
			projectDirPath = "";
			projectRoot = "";
			targets = (
				499D239728FC719E00F302B8 /* Bullseye */,
				499D23A728FC719F00F302B8 /* BullseyeTests */,
				499D23B128FC719F00F302B8 /* BullseyeUITests */,
			);
		};
/* End PBXProject section */

/* Begin PBXResourcesBuildPhase section */
		499D239628FC719E00F302B8 /* Resources */ = {
			isa = PBXResourcesBuildPhase;
			buildActionMask = 2147483647;
			files = (
				499D23A328FC719F00F302B8 /* Preview Assets.xcassets in Resources */,
				499D23A028FC719F00F302B8 /* Assets.xcassets in Resources */,
			);
			runOnlyForDeploymentPostprocessing = 0;
		};
		499D23A628FC719F00F302B8 /* Resources */ = {
			isa = PBXResourcesBuildPhase;
			buildActionMask = 2147483647;
			files = (
			);
			runOnlyForDeploymentPostprocessing = 0;
		};
		499D23B028FC719F00F302B8 /* Resources */ = {
			isa = PBXResourcesBuildPhase;
			buildActionMask = 2147483647;
			files = (
			);
			runOnlyForDeploymentPostprocessing = 0;
		};
/* End PBXResourcesBuildPhase section */

/* Begin PBXSourcesBuildPhase section */
		499D239428FC719E00F302B8 /* Sources */ = {
			isa = PBXSourcesBuildPhase;
			buildActionMask = 2147483647;
			files = (
				499D239E28FC719E00F302B8 /* ContentView.swift in Sources */,
				4994B0F329042CDC00CAD4A7 /* Constants.swift in Sources */,
				498BF8A628FF9A2900ECC73B /* TextViews.swift in Sources */,
				491C1094290086F30073A675 /* Shapes.swift in Sources */,
				4994B0F52904398F00CAD4A7 /* LeaderBoardView.swift in Sources */,
				493DF7B329024E180026205E /* PointsView.swift in Sources */,
				491C10982900E8150073A675 /* BackgroundView.swift in Sources */,
				49A76AF628FE3FC600018BDD /* Game.swift in Sources */,
				499D239C28FC719E00F302B8 /* BullseyeApp.swift in Sources */,
				491C10962900DD960073A675 /* RoundViews.swift in Sources */,
			);
			runOnlyForDeploymentPostprocessing = 0;
		};
		499D23A428FC719F00F302B8 /* Sources */ = {
			isa = PBXSourcesBuildPhase;
			buildActionMask = 2147483647;
			files = (
				499D23AD28FC719F00F302B8 /* BullseyeTests.swift in Sources */,
			);
			runOnlyForDeploymentPostprocessing = 0;
		};
		499D23AE28FC719F00F302B8 /* Sources */ = {
			isa = PBXSourcesBuildPhase;
			buildActionMask = 2147483647;
			files = (
				499D23B928FC719F00F302B8 /* BullseyeUITestsLaunchTests.swift in Sources */,
				499D23B728FC719F00F302B8 /* BullseyeUITests.swift in Sources */,
			);
			runOnlyForDeploymentPostprocessing = 0;
		};
/* End PBXSourcesBuildPhase section */

/* Begin PBXTargetDependency section */
		499D23AA28FC719F00F302B8 /* PBXTargetDependency */ = {
			isa = PBXTargetDependency;
			target = 499D239728FC719E00F302B8 /* Bullseye */;
			targetProxy = 499D23A928FC719F00F302B8 /* PBXContainerItemProxy */;
		};
		499D23B428FC719F00F302B8 /* PBXTargetDependency */ = {
			isa = PBXTargetDependency;
			target = 499D239728FC719E00F302B8 /* Bullseye */;
			targetProxy = 499D23B328FC719F00F302B8 /* PBXContainerItemProxy */;
		};
/* End PBXTargetDependency section */

/* Begin XCBuildConfiguration section */
		499D23BA28FC719F00F302B8 /* Debug */ = {
			isa = XCBuildConfiguration;
			buildSettings = {
				ALWAYS_SEARCH_USER_PATHS = NO;
				CLANG_ANALYZER_NONNULL = YES;
				CLANG_ANALYZER_NUMBER_OBJECT_CONVERSION = YES_AGGRESSIVE;
				CLANG_CXX_LANGUAGE_STANDARD = "gnu++20";
				CLANG_ENABLE_MODULES = YES;
				CLANG_ENABLE_OBJC_ARC = YES;
				CLANG_ENABLE_OBJC_WEAK = YES;
				CLANG_WARN_BLOCK_CAPTURE_AUTORELEASING = YES;
				CLANG_WARN_BOOL_CONVERSION = YES;
				CLANG_WARN_COMMA = YES;
				CLANG_WARN_CONSTANT_CONVERSION = YES;
				CLANG_WARN_DEPRECATED_OBJC_IMPLEMENTATIONS = YES;
				CLANG_WARN_DIRECT_OBJC_ISA_USAGE = YES_ERROR;
				CLANG_WARN_DOCUMENTATION_COMMENTS = YES;
				CLANG_WARN_EMPTY_BODY = YES;
				CLANG_WARN_ENUM_CONVERSION = YES;
				CLANG_WARN_INFINITE_RECURSION = YES;
				CLANG_WARN_INT_CONVERSION = YES;
				CLANG_WARN_NON_LITERAL_NULL_CONVERSION = YES;
				CLANG_WARN_OBJC_IMPLICIT_RETAIN_SELF = YES;
				CLANG_WARN_OBJC_LITERAL_CONVERSION = YES;
				CLANG_WARN_OBJC_ROOT_CLASS = YES_ERROR;
				CLANG_WARN_QUOTED_INCLUDE_IN_FRAMEWORK_HEADER = YES;
				CLANG_WARN_RANGE_LOOP_ANALYSIS = YES;
				CLANG_WARN_STRICT_PROTOTYPES = YES;
				CLANG_WARN_SUSPICIOUS_MOVE = YES;
				CLANG_WARN_UNGUARDED_AVAILABILITY = YES_AGGRESSIVE;
				CLANG_WARN_UNREACHABLE_CODE = YES;
				CLANG_WARN__DUPLICATE_METHOD_MATCH = YES;
				COPY_PHASE_STRIP = NO;
				DEBUG_INFORMATION_FORMAT = dwarf;
				ENABLE_STRICT_OBJC_MSGSEND = YES;
				ENABLE_TESTABILITY = YES;
				GCC_C_LANGUAGE_STANDARD = gnu11;
				GCC_DYNAMIC_NO_PIC = NO;
				GCC_NO_COMMON_BLOCKS = YES;
				GCC_OPTIMIZATION_LEVEL = 0;
				GCC_PREPROCESSOR_DEFINITIONS = (
					"DEBUG=1",
					"$(inherited)",
				);
				GCC_WARN_64_TO_32_BIT_CONVERSION = YES;
				GCC_WARN_ABOUT_RETURN_TYPE = YES_ERROR;
				GCC_WARN_UNDECLARED_SELECTOR = YES;
				GCC_WARN_UNINITIALIZED_AUTOS = YES_AGGRESSIVE;
				GCC_WARN_UNUSED_FUNCTION = YES;
				GCC_WARN_UNUSED_VARIABLE = YES;
				IPHONEOS_DEPLOYMENT_TARGET = 16.0;
				MTL_ENABLE_DEBUG_INFO = INCLUDE_SOURCE;
				MTL_FAST_MATH = YES;
				ONLY_ACTIVE_ARCH = YES;
				SDKROOT = iphoneos;
				SWIFT_ACTIVE_COMPILATION_CONDITIONS = DEBUG;
				SWIFT_OPTIMIZATION_LEVEL = "-Onone";
			};
			name = Debug;
		};
		499D23BB28FC719F00F302B8 /* Release */ = {
			isa = XCBuildConfiguration;
			buildSettings = {
				ALWAYS_SEARCH_USER_PATHS = NO;
				CLANG_ANALYZER_NONNULL = YES;
				CLANG_ANALYZER_NUMBER_OBJECT_CONVERSION = YES_AGGRESSIVE;
				CLANG_CXX_LANGUAGE_STANDARD = "gnu++20";
				CLANG_ENABLE_MODULES = YES;
				CLANG_ENABLE_OBJC_ARC = YES;
				CLANG_ENABLE_OBJC_WEAK = YES;
				CLANG_WARN_BLOCK_CAPTURE_AUTORELEASING = YES;
				CLANG_WARN_BOOL_CONVERSION = YES;
				CLANG_WARN_COMMA = YES;
				CLANG_WARN_CONSTANT_CONVERSION = YES;
				CLANG_WARN_DEPRECATED_OBJC_IMPLEMENTATIONS = YES;
				CLANG_WARN_DIRECT_OBJC_ISA_USAGE = YES_ERROR;
				CLANG_WARN_DOCUMENTATION_COMMENTS = YES;
				CLANG_WARN_EMPTY_BODY = YES;
				CLANG_WARN_ENUM_CONVERSION = YES;
				CLANG_WARN_INFINITE_RECURSION = YES;
				CLANG_WARN_INT_CONVERSION = YES;
				CLANG_WARN_NON_LITERAL_NULL_CONVERSION = YES;
				CLANG_WARN_OBJC_IMPLICIT_RETAIN_SELF = YES;
				CLANG_WARN_OBJC_LITERAL_CONVERSION = YES;
				CLANG_WARN_OBJC_ROOT_CLASS = YES_ERROR;
				CLANG_WARN_QUOTED_INCLUDE_IN_FRAMEWORK_HEADER = YES;
				CLANG_WARN_RANGE_LOOP_ANALYSIS = YES;
				CLANG_WARN_STRICT_PROTOTYPES = YES;
				CLANG_WARN_SUSPICIOUS_MOVE = YES;
				CLANG_WARN_UNGUARDED_AVAILABILITY = YES_AGGRESSIVE;
				CLANG_WARN_UNREACHABLE_CODE = YES;
				CLANG_WARN__DUPLICATE_METHOD_MATCH = YES;
				COPY_PHASE_STRIP = NO;
				DEBUG_INFORMATION_FORMAT = "dwarf-with-dsym";
				ENABLE_NS_ASSERTIONS = NO;
				ENABLE_STRICT_OBJC_MSGSEND = YES;
				GCC_C_LANGUAGE_STANDARD = gnu11;
				GCC_NO_COMMON_BLOCKS = YES;
				GCC_WARN_64_TO_32_BIT_CONVERSION = YES;
				GCC_WARN_ABOUT_RETURN_TYPE = YES_ERROR;
				GCC_WARN_UNDECLARED_SELECTOR = YES;
				GCC_WARN_UNINITIALIZED_AUTOS = YES_AGGRESSIVE;
				GCC_WARN_UNUSED_FUNCTION = YES;
				GCC_WARN_UNUSED_VARIABLE = YES;
				IPHONEOS_DEPLOYMENT_TARGET = 16.0;
				MTL_ENABLE_DEBUG_INFO = NO;
				MTL_FAST_MATH = YES;
				SDKROOT = iphoneos;
				SWIFT_COMPILATION_MODE = wholemodule;
				SWIFT_OPTIMIZATION_LEVEL = "-O";
				VALIDATE_PRODUCT = YES;
			};
			name = Release;
		};
		499D23BD28FC719F00F302B8 /* Debug */ = {
			isa = XCBuildConfiguration;
			buildSettings = {
				ASSETCATALOG_COMPILER_APPICON_NAME = AppIcon;
				ASSETCATALOG_COMPILER_GLOBAL_ACCENT_COLOR_NAME = AccentColor;
				CODE_SIGN_STYLE = Automatic;
				CURRENT_PROJECT_VERSION = 1;
				DEVELOPMENT_ASSET_PATHS = "\"Bullseye/Preview Content\"";
				DEVELOPMENT_TEAM = LNVJK7PFNG;
				ENABLE_PREVIEWS = YES;
				GENERATE_INFOPLIST_FILE = YES;
				INFOPLIST_KEY_CFBundleDisplayName = "Bull's eye";
				INFOPLIST_KEY_UIApplicationSceneManifest_Generation = YES;
				INFOPLIST_KEY_UIApplicationSupportsIndirectInputEvents = YES;
				INFOPLIST_KEY_UILaunchScreen_Generation = YES;
				INFOPLIST_KEY_UISupportedInterfaceOrientations_iPad = "UIInterfaceOrientationPortrait UIInterfaceOrientationPortraitUpsideDown UIInterfaceOrientationLandscapeLeft UIInterfaceOrientationLandscapeRight";
				INFOPLIST_KEY_UISupportedInterfaceOrientations_iPhone = "UIInterfaceOrientationPortrait UIInterfaceOrientationLandscapeLeft UIInterfaceOrientationLandscapeRight";
				LD_RUNPATH_SEARCH_PATHS = (
					"$(inherited)",
					"@executable_path/Frameworks",
				);
				MARKETING_VERSION = 1.0;
				PRODUCT_BUNDLE_IDENTIFIER = com.idobrodushniy.Bullseye;
				PRODUCT_NAME = "$(TARGET_NAME)";
				SWIFT_EMIT_LOC_STRINGS = YES;
				SWIFT_VERSION = 5.0;
				TARGETED_DEVICE_FAMILY = "1,2";
			};
			name = Debug;
		};
		499D23BE28FC719F00F302B8 /* Release */ = {
			isa = XCBuildConfiguration;
			buildSettings = {
				ASSETCATALOG_COMPILER_APPICON_NAME = AppIcon;
				ASSETCATALOG_COMPILER_GLOBAL_ACCENT_COLOR_NAME = AccentColor;
				CODE_SIGN_STYLE = Automatic;
				CURRENT_PROJECT_VERSION = 1;
				DEVELOPMENT_ASSET_PATHS = "\"Bullseye/Preview Content\"";
				DEVELOPMENT_TEAM = LNVJK7PFNG;
				ENABLE_PREVIEWS = YES;
				GENERATE_INFOPLIST_FILE = YES;
				INFOPLIST_KEY_CFBundleDisplayName = "Bull's eye";
				INFOPLIST_KEY_UIApplicationSceneManifest_Generation = YES;
				INFOPLIST_KEY_UIApplicationSupportsIndirectInputEvents = YES;
				INFOPLIST_KEY_UILaunchScreen_Generation = YES;
				INFOPLIST_KEY_UISupportedInterfaceOrientations_iPad = "UIInterfaceOrientationPortrait UIInterfaceOrientationPortraitUpsideDown UIInterfaceOrientationLandscapeLeft UIInterfaceOrientationLandscapeRight";
				INFOPLIST_KEY_UISupportedInterfaceOrientations_iPhone = "UIInterfaceOrientationPortrait UIInterfaceOrientationLandscapeLeft UIInterfaceOrientationLandscapeRight";
				LD_RUNPATH_SEARCH_PATHS = (
					"$(inherited)",
					"@executable_path/Frameworks",
				);
				MARKETING_VERSION = 1.0;
				PRODUCT_BUNDLE_IDENTIFIER = com.idobrodushniy.Bullseye;
				PRODUCT_NAME = "$(TARGET_NAME)";
				SWIFT_EMIT_LOC_STRINGS = YES;
				SWIFT_VERSION = 5.0;
				TARGETED_DEVICE_FAMILY = "1,2";
			};
			name = Release;
		};
		499D23C028FC719F00F302B8 /* Debug */ = {
			isa = XCBuildConfiguration;
			buildSettings = {
				ALWAYS_EMBED_SWIFT_STANDARD_LIBRARIES = YES;
				BUNDLE_LOADER = "$(TEST_HOST)";
				CODE_SIGN_STYLE = Automatic;
				CURRENT_PROJECT_VERSION = 1;
				DEVELOPMENT_TEAM = LNVJK7PFNG;
				GENERATE_INFOPLIST_FILE = YES;
				IPHONEOS_DEPLOYMENT_TARGET = 16.0;
				MARKETING_VERSION = 1.0;
				PRODUCT_BUNDLE_IDENTIFIER = com.idobrodushniy.BullseyeTests;
				PRODUCT_NAME = "$(TARGET_NAME)";
				SWIFT_EMIT_LOC_STRINGS = NO;
				SWIFT_VERSION = 5.0;
				TARGETED_DEVICE_FAMILY = "1,2";
				TEST_HOST = "$(BUILT_PRODUCTS_DIR)/Bullseye.app/$(BUNDLE_EXECUTABLE_FOLDER_PATH)/Bullseye";
			};
			name = Debug;
		};
		499D23C128FC719F00F302B8 /* Release */ = {
			isa = XCBuildConfiguration;
			buildSettings = {
				ALWAYS_EMBED_SWIFT_STANDARD_LIBRARIES = YES;
				BUNDLE_LOADER = "$(TEST_HOST)";
				CODE_SIGN_STYLE = Automatic;
				CURRENT_PROJECT_VERSION = 1;
				DEVELOPMENT_TEAM = LNVJK7PFNG;
				GENERATE_INFOPLIST_FILE = YES;
				IPHONEOS_DEPLOYMENT_TARGET = 16.0;
				MARKETING_VERSION = 1.0;
				PRODUCT_BUNDLE_IDENTIFIER = com.idobrodushniy.BullseyeTests;
				PRODUCT_NAME = "$(TARGET_NAME)";
				SWIFT_EMIT_LOC_STRINGS = NO;
				SWIFT_VERSION = 5.0;
				TARGETED_DEVICE_FAMILY = "1,2";
				TEST_HOST = "$(BUILT_PRODUCTS_DIR)/Bullseye.app/$(BUNDLE_EXECUTABLE_FOLDER_PATH)/Bullseye";
			};
			name = Release;
		};
		499D23C328FC719F00F302B8 /* Debug */ = {
			isa = XCBuildConfiguration;
			buildSettings = {
				ALWAYS_EMBED_SWIFT_STANDARD_LIBRARIES = YES;
				CODE_SIGN_STYLE = Automatic;
				CURRENT_PROJECT_VERSION = 1;
				DEVELOPMENT_TEAM = LNVJK7PFNG;
				GENERATE_INFOPLIST_FILE = YES;
				MARKETING_VERSION = 1.0;
				PRODUCT_BUNDLE_IDENTIFIER = com.idobrodushniy.BullseyeUITests;
				PRODUCT_NAME = "$(TARGET_NAME)";
				SWIFT_EMIT_LOC_STRINGS = NO;
				SWIFT_VERSION = 5.0;
				TARGETED_DEVICE_FAMILY = "1,2";
				TEST_TARGET_NAME = Bullseye;
			};
			name = Debug;
		};
		499D23C428FC719F00F302B8 /* Release */ = {
			isa = XCBuildConfiguration;
			buildSettings = {
				ALWAYS_EMBED_SWIFT_STANDARD_LIBRARIES = YES;
				CODE_SIGN_STYLE = Automatic;
				CURRENT_PROJECT_VERSION = 1;
				DEVELOPMENT_TEAM = LNVJK7PFNG;
				GENERATE_INFOPLIST_FILE = YES;
				MARKETING_VERSION = 1.0;
				PRODUCT_BUNDLE_IDENTIFIER = com.idobrodushniy.BullseyeUITests;
				PRODUCT_NAME = "$(TARGET_NAME)";
				SWIFT_EMIT_LOC_STRINGS = NO;
				SWIFT_VERSION = 5.0;
				TARGETED_DEVICE_FAMILY = "1,2";
				TEST_TARGET_NAME = Bullseye;
			};
			name = Release;
		};
/* End XCBuildConfiguration section */

/* Begin XCConfigurationList section */
		499D239328FC719E00F302B8 /* Build configuration list for PBXProject "Bullseye" */ = {
			isa = XCConfigurationList;
			buildConfigurations = (
				499D23BA28FC719F00F302B8 /* Debug */,
				499D23BB28FC719F00F302B8 /* Release */,
			);
			defaultConfigurationIsVisible = 0;
			defaultConfigurationName = Release;
		};
		499D23BC28FC719F00F302B8 /* Build configuration list for PBXNativeTarget "Bullseye" */ = {
			isa = XCConfigurationList;
			buildConfigurations = (
				499D23BD28FC719F00F302B8 /* Debug */,
				499D23BE28FC719F00F302B8 /* Release */,
			);
			defaultConfigurationIsVisible = 0;
			defaultConfigurationName = Release;
		};
		499D23BF28FC719F00F302B8 /* Build configuration list for PBXNativeTarget "BullseyeTests" */ = {
			isa = XCConfigurationList;
			buildConfigurations = (
				499D23C028FC719F00F302B8 /* Debug */,
				499D23C128FC719F00F302B8 /* Release */,
			);
			defaultConfigurationIsVisible = 0;
			defaultConfigurationName = Release;
		};
		499D23C228FC719F00F302B8 /* Build configuration list for PBXNativeTarget "BullseyeUITests" */ = {
			isa = XCConfigurationList;
			buildConfigurations = (
				499D23C328FC719F00F302B8 /* Debug */,
				499D23C428FC719F00F302B8 /* Release */,
			);
			defaultConfigurationIsVisible = 0;
			defaultConfigurationName = Release;
		};
/* End XCConfigurationList section */

/* Begin XCRemoteSwiftPackageReference section */
		4994B0F629059C5200CAD4A7 /* XCRemoteSwiftPackageReference "SwiftUI-Introspect" */ = {
			isa = XCRemoteSwiftPackageReference;
			repositoryURL = "https://github.com/siteline/SwiftUI-Introspect.git";
			requirement = {
				kind = upToNextMajorVersion;
				minimumVersion = 0.1.4;
			};
		};
/* End XCRemoteSwiftPackageReference section */

/* Begin XCSwiftPackageProductDependency section */
		4994B0F729059C5200CAD4A7 /* Introspect */ = {
			isa = XCSwiftPackageProductDependency;
			package = 4994B0F629059C5200CAD4A7 /* XCRemoteSwiftPackageReference "SwiftUI-Introspect" */;
			productName = Introspect;
		};
/* End XCSwiftPackageProductDependency section */
	};
	rootObject = 499D239028FC719E00F302B8 /* Project object */;
}
